
Microsoft Visual Studio Solution File, Format Version 12.00
# Visual Studio Version 17
VisualStudioVersion = 17.12.35506.116
MinimumVisualStudioVersion = 10.0.40219.1
Project("{2150E333-8FDC-42A3-9474-1A3956D46DE8}") = "Source", "Source", "{97A59294-36A7-4103-A8D7-31541BED02CF}"
EndProject
Project("{2150E333-8FDC-42A3-9474-1A3956D46DE8}") = "Core", "Core", "{988CAF36-F921-407C-8E68-6FB437EF136B}"
EndProject
Project("{2150E333-8FDC-42A3-9474-1A3956D46DE8}") = "Infrastructure", "Infrastructure", "{EC42C93A-1EF8-4C43-B81B-9774A8CFC095}"
EndProject
Project("{2150E333-8FDC-42A3-9474-1A3956D46DE8}") = "WebAPI", "WebAPI", "{216F8CFA-2601-4286-92A3-FEF5F1545882}"
EndProject
Project("{FAE04EC0-301F-11D3-BF4B-00C04F79EFBC}") = "CashFlowly.Core.Application", "CashFlowly.Core.Application\CashFlowly.Core.Application.csproj", "{E3101B0D-BB76-486D-968D-F0F8E935CAAE}"
EndProject
Project("{FAE04EC0-301F-11D3-BF4B-00C04F79EFBC}") = "CashFlowly.Core.Domain", "CashFlowly.Core.Domain\CashFlowly.Core.Domain.csproj", "{11708149-F7FC-4531-951A-2CEA90B597C3}"
EndProject
Project("{FAE04EC0-301F-11D3-BF4B-00C04F79EFBC}") = "CashFlowly.Infrastructure.Persistence", "CashFlowly.Infrastructure.Persistence\CashFlowly.Infrastructure.Persistence.csproj", "{6E9F4BEA-0EC7-49F2-BF20-6F8C3E8DA651}"
EndProject
Project("{FAE04EC0-301F-11D3-BF4B-00C04F79EFBC}") = "CashFlowly.API", "CashFlowly.API\CashFlowly.API.csproj", "{C22703EF-28B2-4CBD-8F64-638E36FC8540}"
EndProject
Global
	GlobalSection(SolutionConfigurationPlatforms) = preSolution
		Debug|Any CPU = Debug|Any CPU
		Release|Any CPU = Release|Any CPU
	EndGlobalSection
	GlobalSection(ProjectConfigurationPlatforms) = postSolution
		{E3101B0D-BB76-486D-968D-F0F8E935CAAE}.Debug|Any CPU.ActiveCfg = Debug|Any CPU
		{E3101B0D-BB76-486D-968D-F0F8E935CAAE}.Debug|Any CPU.Build.0 = Debug|Any CPU
		{E3101B0D-BB76-486D-968D-F0F8E935CAAE}.Release|Any CPU.ActiveCfg = Release|Any CPU
		{E3101B0D-BB76-486D-968D-F0F8E935CAAE}.Release|Any CPU.Build.0 = Release|Any CPU
		{11708149-F7FC-4531-951A-2CEA90B597C3}.Debug|Any CPU.ActiveCfg = Debug|Any CPU
		{11708149-F7FC-4531-951A-2CEA90B597C3}.Debug|Any CPU.Build.0 = Debug|Any CPU
		{11708149-F7FC-4531-951A-2CEA90B597C3}.Release|Any CPU.ActiveCfg = Release|Any CPU
		{11708149-F7FC-4531-951A-2CEA90B597C3}.Release|Any CPU.Build.0 = Release|Any CPU
		{6E9F4BEA-0EC7-49F2-BF20-6F8C3E8DA651}.Debug|Any CPU.ActiveCfg = Debug|Any CPU
		{6E9F4BEA-0EC7-49F2-BF20-6F8C3E8DA651}.Debug|Any CPU.Build.0 = Debug|Any CPU
		{6E9F4BEA-0EC7-49F2-BF20-6F8C3E8DA651}.Release|Any CPU.ActiveCfg = Release|Any CPU
		{6E9F4BEA-0EC7-49F2-BF20-6F8C3E8DA651}.Release|Any CPU.Build.0 = Release|Any CPU
		{C22703EF-28B2-4CBD-8F64-638E36FC8540}.Debug|Any CPU.ActiveCfg = Debug|Any CPU
		{C22703EF-28B2-4CBD-8F64-638E36FC8540}.Debug|Any CPU.Build.0 = Debug|Any CPU
		{C22703EF-28B2-4CBD-8F64-638E36FC8540}.Release|Any CPU.ActiveCfg = Release|Any CPU
		{C22703EF-28B2-4CBD-8F64-638E36FC8540}.Release|Any CPU.Build.0 = Release|Any CPU
	EndGlobalSection
	GlobalSection(SolutionProperties) = preSolution
		HideSolutionNode = FALSE
	EndGlobalSection
	GlobalSection(NestedProjects) = preSolution
		{988CAF36-F921-407C-8E68-6FB437EF136B} = {97A59294-36A7-4103-A8D7-31541BED02CF}
		{EC42C93A-1EF8-4C43-B81B-9774A8CFC095} = {97A59294-36A7-4103-A8D7-31541BED02CF}
		{216F8CFA-2601-4286-92A3-FEF5F1545882} = {97A59294-36A7-4103-A8D7-31541BED02CF}
		{E3101B0D-BB76-486D-968D-F0F8E935CAAE} = {988CAF36-F921-407C-8E68-6FB437EF136B}
		{11708149-F7FC-4531-951A-2CEA90B597C3} = {988CAF36-F921-407C-8E68-6FB437EF136B}
		{6E9F4BEA-0EC7-49F2-BF20-6F8C3E8DA651} = {EC42C93A-1EF8-4C43-B81B-9774A8CFC095}
		{C22703EF-28B2-4CBD-8F64-638E36FC8540} = {216F8CFA-2601-4286-92A3-FEF5F1545882}
	EndGlobalSection
EndGlobal
